
Microsoft Visual Studio Solution File, Format Version 12.00
# Visual Studio 15
VisualStudioVersion = 15.0.27130.2027
MinimumVisualStudioVersion = 10.0.40219.1
Project("{2150E333-8FDC-42A3-9474-1A3956D46DE8}") = "BusinessRule", "BusinessRule", "{C3DE3260-3A38-48B1-BCAB-DB97270D0F6C}"
EndProject
Project("{2150E333-8FDC-42A3-9474-1A3956D46DE8}") = "Test", "Test", "{6E4E6342-1A0A-461C-9BAB-E981552CA204}"
EndProject
Project("{2150E333-8FDC-42A3-9474-1A3956D46DE8}") = "Console", "Console", "{FA3EC66B-2612-4296-B70B-AD05309AD76A}"
EndProject
Project("{2150E333-8FDC-42A3-9474-1A3956D46DE8}") = "Web", "Web", "{5D7E9232-A840-4966-A492-0206095A1E07}"
EndProject
Project("{2150E333-8FDC-42A3-9474-1A3956D46DE8}") = "DataLayer", "DataLayer", "{4612705B-0E96-4B6F-949C-64D17C548906}"
EndProject
Project("{FAE04EC0-301F-11D3-BF4B-00C04F79EFBC}") = "RJ.Tokoku", "RJ.Tokoku\RJ.Tokoku.csproj", "{30F283A9-06F2-459B-AD8B-F403994E7371}"
EndProject
Project("{FAE04EC0-301F-11D3-BF4B-00C04F79EFBC}") = "RJ.Tokoku.DataLayer", "RJ.Tokoku.DataLayer\RJ.Tokoku.DataLayer.csproj", "{2B95E53B-34D3-4FE0-9861-D500F54C7FA4}"
EndProject
Project("{FAE04EC0-301F-11D3-BF4B-00C04F79EFBC}") = "RJ.Tokoku.Console", "RJ.Tokoku.Console\RJ.Tokoku.Console.csproj", "{A841B8ED-766E-4724-8D24-0492460BD13C}"
EndProject
Project("{FAE04EC0-301F-11D3-BF4B-00C04F79EFBC}") = "RJ.Tokoku.Accounting", "RJ.Tokoku.Accounting\RJ.Tokoku.Accounting.csproj", "{0F87B92C-4088-423B-9651-4F1453348EB9}"
EndProject
Project("{FAE04EC0-301F-11D3-BF4B-00C04F79EFBC}") = "RJ.Tokoku.Trade", "RJ.Tokoku.Sales\RJ.Tokoku.Trade.csproj", "{5965686A-0D7B-4631-B329-F5F47C3D4EC1}"
EndProject
Project("{FAE04EC0-301F-11D3-BF4B-00C04F79EFBC}") = "RJ.Tokoku.BusinessRule.Product", "RJ.Tokoku.Product\RJ.Tokoku.BusinessRule.Product.csproj", "{C2F23233-6304-48A0-BD44-2B7E3E21FBCF}"
EndProject
Project("{FAE04EC0-301F-11D3-BF4B-00C04F79EFBC}") = "BusinessRule.Test", "BusinessRule.Test\BusinessRule.Test.csproj", "{8C5C8951-5C9E-4309-BA79-294218E58158}"
EndProject
Project("{FAE04EC0-301F-11D3-BF4B-00C04F79EFBC}") = "Controller.Test", "Controller.Test\Controller.Test.csproj", "{7C392C5C-ADD2-467C-94EA-76B5F4FA9BB3}"
EndProject
Project("{FAE04EC0-301F-11D3-BF4B-00C04F79EFBC}") = "WebViews.Test", "WebViews.Test\WebViews.Test.csproj", "{45F9B683-1006-462D-AFBE-864406DA5B9F}"
EndProject
Project("{FAE04EC0-301F-11D3-BF4B-00C04F79EFBC}") = "RJ.Tokoku.Master", "RJ.Tokoku.Master\RJ.Tokoku.Master.csproj", "{B8C9EE2E-52C4-41CF-8A59-6DE0144E9F5A}"
EndProject
Project("{FAE04EC0-301F-11D3-BF4B-00C04F79EFBC}") = "RJ.Tokoku.Inventory", "RJ.Tokoku.InventoryManagement\RJ.Tokoku.Inventory.csproj", "{C144AD4A-C5E6-454E-A367-D8AA9E00A360}"
EndProject
Global
	GlobalSection(SolutionConfigurationPlatforms) = preSolution
		Debug|Any CPU = Debug|Any CPU
		Release|Any CPU = Release|Any CPU
	EndGlobalSection
	GlobalSection(ProjectConfigurationPlatforms) = postSolution
		{30F283A9-06F2-459B-AD8B-F403994E7371}.Debug|Any CPU.ActiveCfg = Debug|Any CPU
		{30F283A9-06F2-459B-AD8B-F403994E7371}.Debug|Any CPU.Build.0 = Debug|Any CPU
		{30F283A9-06F2-459B-AD8B-F403994E7371}.Release|Any CPU.ActiveCfg = Release|Any CPU
		{30F283A9-06F2-459B-AD8B-F403994E7371}.Release|Any CPU.Build.0 = Release|Any CPU
		{2B95E53B-34D3-4FE0-9861-D500F54C7FA4}.Debug|Any CPU.ActiveCfg = Debug|Any CPU
		{2B95E53B-34D3-4FE0-9861-D500F54C7FA4}.Debug|Any CPU.Build.0 = Debug|Any CPU
		{2B95E53B-34D3-4FE0-9861-D500F54C7FA4}.Release|Any CPU.ActiveCfg = Release|Any CPU
		{2B95E53B-34D3-4FE0-9861-D500F54C7FA4}.Release|Any CPU.Build.0 = Release|Any CPU
		{A841B8ED-766E-4724-8D24-0492460BD13C}.Debug|Any CPU.ActiveCfg = Debug|Any CPU
		{A841B8ED-766E-4724-8D24-0492460BD13C}.Debug|Any CPU.Build.0 = Debug|Any CPU
		{A841B8ED-766E-4724-8D24-0492460BD13C}.Release|Any CPU.ActiveCfg = Release|Any CPU
		{A841B8ED-766E-4724-8D24-0492460BD13C}.Release|Any CPU.Build.0 = Release|Any CPU
		{0F87B92C-4088-423B-9651-4F1453348EB9}.Debug|Any CPU.ActiveCfg = Debug|Any CPU
		{0F87B92C-4088-423B-9651-4F1453348EB9}.Debug|Any CPU.Build.0 = Debug|Any CPU
		{0F87B92C-4088-423B-9651-4F1453348EB9}.Release|Any CPU.ActiveCfg = Release|Any CPU
		{0F87B92C-4088-423B-9651-4F1453348EB9}.Release|Any CPU.Build.0 = Release|Any CPU
		{5965686A-0D7B-4631-B329-F5F47C3D4EC1}.Debug|Any CPU.ActiveCfg = Debug|Any CPU
		{5965686A-0D7B-4631-B329-F5F47C3D4EC1}.Debug|Any CPU.Build.0 = Debug|Any CPU
		{5965686A-0D7B-4631-B329-F5F47C3D4EC1}.Release|Any CPU.ActiveCfg = Release|Any CPU
		{5965686A-0D7B-4631-B329-F5F47C3D4EC1}.Release|Any CPU.Build.0 = Release|Any CPU
		{C2F23233-6304-48A0-BD44-2B7E3E21FBCF}.Debug|Any CPU.ActiveCfg = Debug|Any CPU
		{C2F23233-6304-48A0-BD44-2B7E3E21FBCF}.Debug|Any CPU.Build.0 = Debug|Any CPU
		{C2F23233-6304-48A0-BD44-2B7E3E21FBCF}.Release|Any CPU.ActiveCfg = Release|Any CPU
		{C2F23233-6304-48A0-BD44-2B7E3E21FBCF}.Release|Any CPU.Build.0 = Release|Any CPU
		{8C5C8951-5C9E-4309-BA79-294218E58158}.Debug|Any CPU.ActiveCfg = Debug|Any CPU
		{8C5C8951-5C9E-4309-BA79-294218E58158}.Debug|Any CPU.Build.0 = Debug|Any CPU
		{8C5C8951-5C9E-4309-BA79-294218E58158}.Release|Any CPU.ActiveCfg = Release|Any CPU
		{8C5C8951-5C9E-4309-BA79-294218E58158}.Release|Any CPU.Build.0 = Release|Any CPU
		{7C392C5C-ADD2-467C-94EA-76B5F4FA9BB3}.Debug|Any CPU.ActiveCfg = Debug|Any CPU
		{7C392C5C-ADD2-467C-94EA-76B5F4FA9BB3}.Debug|Any CPU.Build.0 = Debug|Any CPU
		{7C392C5C-ADD2-467C-94EA-76B5F4FA9BB3}.Release|Any CPU.ActiveCfg = Release|Any CPU
		{7C392C5C-ADD2-467C-94EA-76B5F4FA9BB3}.Release|Any CPU.Build.0 = Release|Any CPU
		{45F9B683-1006-462D-AFBE-864406DA5B9F}.Debug|Any CPU.ActiveCfg = Debug|Any CPU
		{45F9B683-1006-462D-AFBE-864406DA5B9F}.Debug|Any CPU.Build.0 = Debug|Any CPU
		{45F9B683-1006-462D-AFBE-864406DA5B9F}.Release|Any CPU.ActiveCfg = Release|Any CPU
		{45F9B683-1006-462D-AFBE-864406DA5B9F}.Release|Any CPU.Build.0 = Release|Any CPU
		{B8C9EE2E-52C4-41CF-8A59-6DE0144E9F5A}.Debug|Any CPU.ActiveCfg = Debug|Any CPU
		{B8C9EE2E-52C4-41CF-8A59-6DE0144E9F5A}.Debug|Any CPU.Build.0 = Debug|Any CPU
		{B8C9EE2E-52C4-41CF-8A59-6DE0144E9F5A}.Release|Any CPU.ActiveCfg = Release|Any CPU
		{B8C9EE2E-52C4-41CF-8A59-6DE0144E9F5A}.Release|Any CPU.Build.0 = Release|Any CPU
		{C144AD4A-C5E6-454E-A367-D8AA9E00A360}.Debug|Any CPU.ActiveCfg = Debug|Any CPU
		{C144AD4A-C5E6-454E-A367-D8AA9E00A360}.Debug|Any CPU.Build.0 = Debug|Any CPU
		{C144AD4A-C5E6-454E-A367-D8AA9E00A360}.Release|Any CPU.ActiveCfg = Release|Any CPU
		{C144AD4A-C5E6-454E-A367-D8AA9E00A360}.Release|Any CPU.Build.0 = Release|Any CPU
	EndGlobalSection
	GlobalSection(SolutionProperties) = preSolution
		HideSolutionNode = FALSE
	EndGlobalSection
	GlobalSection(NestedProjects) = preSolution
		{30F283A9-06F2-459B-AD8B-F403994E7371} = {5D7E9232-A840-4966-A492-0206095A1E07}
		{2B95E53B-34D3-4FE0-9861-D500F54C7FA4} = {4612705B-0E96-4B6F-949C-64D17C548906}
		{A841B8ED-766E-4724-8D24-0492460BD13C} = {FA3EC66B-2612-4296-B70B-AD05309AD76A}
		{0F87B92C-4088-423B-9651-4F1453348EB9} = {C3DE3260-3A38-48B1-BCAB-DB97270D0F6C}
		{5965686A-0D7B-4631-B329-F5F47C3D4EC1} = {C3DE3260-3A38-48B1-BCAB-DB97270D0F6C}
		{C2F23233-6304-48A0-BD44-2B7E3E21FBCF} = {C3DE3260-3A38-48B1-BCAB-DB97270D0F6C}
		{8C5C8951-5C9E-4309-BA79-294218E58158} = {6E4E6342-1A0A-461C-9BAB-E981552CA204}
		{7C392C5C-ADD2-467C-94EA-76B5F4FA9BB3} = {6E4E6342-1A0A-461C-9BAB-E981552CA204}
		{45F9B683-1006-462D-AFBE-864406DA5B9F} = {6E4E6342-1A0A-461C-9BAB-E981552CA204}
		{B8C9EE2E-52C4-41CF-8A59-6DE0144E9F5A} = {C3DE3260-3A38-48B1-BCAB-DB97270D0F6C}
		{C144AD4A-C5E6-454E-A367-D8AA9E00A360} = {C3DE3260-3A38-48B1-BCAB-DB97270D0F6C}
	EndGlobalSection
	GlobalSection(ExtensibilityGlobals) = postSolution
		SolutionGuid = {308CA34B-38CB-4AA6-B949-BB0B7286A0C5}
	EndGlobalSection
EndGlobal
